
Microsoft Visual Studio Solution File, Format Version 12.00
# Visual Studio 15
VisualStudioVersion = 15.0.27004.2006
MinimumVisualStudioVersion = 10.0.40219.1
Project("{FAE04EC0-301F-11D3-BF4B-00C04F79EFBC}") = "ContosoConf", "ContosoConf\ContosoConf.csproj", "{A08D8327-53A0-4D81-94C7-294DDA6E2668}"
EndProject
Global
	GlobalSection(SolutionConfigurationPlatforms) = preSolution
		Debug|Any CPU = Debug|Any CPU
		Release|Any CPU = Release|Any CPU
	EndGlobalSection
	GlobalSection(ProjectConfigurationPlatforms) = postSolution
		{A08D8327-53A0-4D81-94C7-294DDA6E2668}.Debug|Any CPU.ActiveCfg = Debug|Any CPU
		{A08D8327-53A0-4D81-94C7-294DDA6E2668}.Debug|Any CPU.Build.0 = Debug|Any CPU
		{A08D8327-53A0-4D81-94C7-294DDA6E2668}.Release|Any CPU.ActiveCfg = Release|Any CPU
		{A08D8327-53A0-4D81-94C7-294DDA6E2668}.Release|Any CPU.Build.0 = Release|Any CPU
	EndGlobalSection
	GlobalSection(SolutionProperties) = preSolution
		HideSolutionNode = FALSE
	EndGlobalSection
	GlobalSection(ExtensibilityGlobals) = postSolution
		SolutionGuid = {E21B242E-B9A2-460F-98D3-C977A830296D}
	EndGlobalSection
EndGlobal
